
Microsoft Visual Studio Solution File, Format Version 12.00
# Visual Studio 15
VisualStudioVersion = 15.0.26730.8
MinimumVisualStudioVersion = 10.0.40219.1
Project("{FAE04EC0-301F-11D3-BF4B-00C04F79EFBC}") = "biblioteca", "biblioteca\biblioteca.csproj", "{841CD8F2-654C-4EDA-A519-92D113494965}"
EndProject
Project("{FAE04EC0-301F-11D3-BF4B-00C04F79EFBC}") = "programa", "programa\programa.csproj", "{1E89C64A-1750-4C9F-BDF9-22D55263BC6D}"
EndProject
Project("{FAE04EC0-301F-11D3-BF4B-00C04F79EFBC}") = "OnlyLine", "OnlyLine\OnlyLine.csproj", "{510C5D04-2907-40BF-BEC2-3FB2619D04E5}"
EndProject
Project("{FAE04EC0-301F-11D3-BF4B-00C04F79EFBC}") = "Prueba", "Prueba\Prueba.csproj", "{80963902-3D3C-422B-B459-139DF2E2031F}"
EndProject
Global
	GlobalSection(SolutionConfigurationPlatforms) = preSolution
		Debug|Any CPU = Debug|Any CPU
		Release|Any CPU = Release|Any CPU
	EndGlobalSection
	GlobalSection(ProjectConfigurationPlatforms) = postSolution
		{841CD8F2-654C-4EDA-A519-92D113494965}.Debug|Any CPU.ActiveCfg = Debug|Any CPU
		{841CD8F2-654C-4EDA-A519-92D113494965}.Debug|Any CPU.Build.0 = Debug|Any CPU
		{841CD8F2-654C-4EDA-A519-92D113494965}.Release|Any CPU.ActiveCfg = Release|Any CPU
		{841CD8F2-654C-4EDA-A519-92D113494965}.Release|Any CPU.Build.0 = Release|Any CPU
		{1E89C64A-1750-4C9F-BDF9-22D55263BC6D}.Debug|Any CPU.ActiveCfg = Debug|Any CPU
		{1E89C64A-1750-4C9F-BDF9-22D55263BC6D}.Debug|Any CPU.Build.0 = Debug|Any CPU
		{1E89C64A-1750-4C9F-BDF9-22D55263BC6D}.Release|Any CPU.ActiveCfg = Release|Any CPU
		{1E89C64A-1750-4C9F-BDF9-22D55263BC6D}.Release|Any CPU.Build.0 = Release|Any CPU
		{510C5D04-2907-40BF-BEC2-3FB2619D04E5}.Debug|Any CPU.ActiveCfg = Debug|Any CPU
		{510C5D04-2907-40BF-BEC2-3FB2619D04E5}.Debug|Any CPU.Build.0 = Debug|Any CPU
		{510C5D04-2907-40BF-BEC2-3FB2619D04E5}.Release|Any CPU.ActiveCfg = Release|Any CPU
		{510C5D04-2907-40BF-BEC2-3FB2619D04E5}.Release|Any CPU.Build.0 = Release|Any CPU
		{80963902-3D3C-422B-B459-139DF2E2031F}.Debug|Any CPU.ActiveCfg = Debug|Any CPU
		{80963902-3D3C-422B-B459-139DF2E2031F}.Debug|Any CPU.Build.0 = Debug|Any CPU
		{80963902-3D3C-422B-B459-139DF2E2031F}.Release|Any CPU.ActiveCfg = Release|Any CPU
		{80963902-3D3C-422B-B459-139DF2E2031F}.Release|Any CPU.Build.0 = Release|Any CPU
	EndGlobalSection
	GlobalSection(SolutionProperties) = preSolution
		HideSolutionNode = FALSE
	EndGlobalSection
	GlobalSection(ExtensibilityGlobals) = postSolution
		SolutionGuid = {1AC68C34-3013-49BB-BAA3-FA59DFEA9CF0}
	EndGlobalSection
EndGlobal
